{
    "_meta": {
        "hash": {
            "sha256": "2a43d6c89deb75bfc0cf1a23e735e4f08480ee5af353899aac803e1d3c243baf"
        },
        "pipfile-spec": 6,
        "requires": {
            "python_version": "3.7"
        },
        "sources": [
            {
                "name": "pypi",
                "url": "https://pypi.org/simple",
                "verify_ssl": true
            }
        ]
    },
    "default": {
        "click": {
            "hashes": [
                "sha256:2335065e6395b9e67ca716de5f7526736bfa6ceead690adf616d925bdc622b13",
                "sha256:5b94b49521f6456670fdb30cd82a4eca9412788a93fa6dd6df72c94d5a8ff2d7"
            ],
            "version": "==7.0"
        },
        "dse-driver": {
            "hashes": [
                "sha256:0d72bcee273a7a9f4b44b2f52dc42abab07630ac64d794d3ab13cb15f73140e3",
                "sha256:12738989959453ad7962e3d6413049a1846181b8b0a46e046f393903a85a7e4f",
                "sha256:1f4093f83409d70af5bb1b930a9a82abe67a3a5ee814b3d85975d29e997265ce",
                "sha256:28e0037153c6e65269e3dbab964a05166ff57028dbb42c0f80c59546f06d5da8",
                "sha256:41427db6f66e78a4645363591a32922377c52e263aa2dbdfdc6dc83d1fd3b186",
                "sha256:4e93cc7784eac351411acea4771531ad2f89e4b8664d3d8b9cec17733c7847a3",
                "sha256:51845031e34f3ef3808248342eab3e2ceb1fb5315afb4f2059260a3f34028aef",
                "sha256:56a3cad74aae25ba917dc3f5c62a340d418531da8b71a02b93591d6695fe982d",
                "sha256:5ca90bf621aca3d04898a2c32457901dfcb23e12df27b362f216e2ab9aef62da",
                "sha256:6ebe8d7e9da7e97634514cc96804e855ca128f7f1d11446b12f74ba8a3e4ba84",
                "sha256:7ec5f3f7c36f2a9409f1cddc11dfd3dd0f190ad02bd62216b581995b51d24ea3",
                "sha256:807170c83027605b3bd216a8490ca63a14f24106650ad8fa975b745856e3ea42",
                "sha256:8d1903360e7ec2d698b17bb81db589458feacc2516edb53850e002893639fb17",
                "sha256:9155b22d1f97c2dd7f1edefed8bc5e747607e682baa38b644b1a3b95c48c1a2c",
                "sha256:92f6d49294e1013b12e65fd5dc27a897556eb47a79f907cee86a5bbbde5e8f96",
                "sha256:9390b2bbc8436103c2ba3f551ec74d38b81ca2a6ffc98f8cb797b744dcf8ae68",
                "sha256:9a6bbb04436236a013afa3291276e3208499209fea7320da51c76f840c6ff9cf",
                "sha256:ab08e57ee10281501823ce6dc0c16a01f6dedbce74ed818e5de3b01864200fb8",
                "sha256:b1412116839cde79abeffd64cfe31b3b552cfc6ac7dd8d50e8673bb65e618766",
                "sha256:b858aaf0cb67036d1c99bb88c05285c5f64597bd294e04d7c3fb5f4028ced0ee",
                "sha256:c16b78c7b52ec6223a17726a538485e85ef32df62308657dded4a6a8c3aa1db7",
                "sha256:e68a5dc5c1da1dc9c3f2d527733074f3673c6541d13a30747e93e3d697ebb0f0",
                "sha256:f64d8eed47bc628011d0e46add7604a374796fb73451a10e0ef3c5bdb9f8362a",
                "sha256:fddac7ee12b78d951da67886b90a7234e412c200dc40c2f276c12271d880439c"
            ],
            "index": "pypi",
            "version": "==2.11.0"
        },
        "flask": {
            "hashes": [
                "sha256:13f9f196f330c7c2c5d7a5cf91af894110ca0215ac051b5844701f2bfd934d52",
                "sha256:45eb5a6fd193d6cf7e0cf5d8a5b31f83d5faae0293695626f539a823e93b13f6"
            ],
            "index": "pypi",
            "version": "==1.1.1"
        },
        "flask-cors": {
            "hashes": [
                "sha256:72170423eb4612f0847318afff8c247b38bd516b7737adfc10d1c2cdbb382d16",
                "sha256:f4d97201660e6bbcff2d89d082b5b6d31abee04b1b3003ee073a6fd25ad1d69a"
            ],
            "index": "pypi",
            "version": "==3.0.8"
        },
        "geomet": {
            "hashes": [
                "sha256:cef6c73cfc0c4ea3961e16a6979dce75ef0298f0023cbd482855134dcdf7c010"
            ],
            "version": "==0.1.2"
        },
        "itsdangerous": {
            "hashes": [
                "sha256:321b033d07f2a4136d3ec762eac9f16a10ccd60f53c0c91af90217ace7ba1f19",
                "sha256:b12271b2047cb23eeb98c8b5622e2e5c5e9abd9784a153e9d8ef9cb4dd09d749"
            ],
            "version": "==1.1.0"
        },
        "jinja2": {
            "hashes": [
                "sha256:74320bb91f31270f9551d46522e33af46a80c3d619f4a4bf42b3164d30b5911f",
                "sha256:9fe95f19286cfefaa917656583d020be14e7859c6b0252588391e47db34527de"
            ],
            "version": "==2.10.3"
        },
        "markupsafe": {
            "hashes": [
                "sha256:00bc623926325b26bb9605ae9eae8a215691f33cae5df11ca5424f06f2d1f473",
                "sha256:09027a7803a62ca78792ad89403b1b7a73a01c8cb65909cd876f7fcebd79b161",
                "sha256:09c4b7f37d6c648cb13f9230d847adf22f8171b1ccc4d5682398e77f40309235",
                "sha256:1027c282dad077d0bae18be6794e6b6b8c91d58ed8a8d89a89d59693b9131db5",
                "sha256:24982cc2533820871eba85ba648cd53d8623687ff11cbb805be4ff7b4c971aff",
                "sha256:29872e92839765e546828bb7754a68c418d927cd064fd4708fab9fe9c8bb116b",
                "sha256:43a55c2930bbc139570ac2452adf3d70cdbb3cfe5912c71cdce1c2c6bbd9c5d1",
                "sha256:46c99d2de99945ec5cb54f23c8cd5689f6d7177305ebff350a58ce5f8de1669e",
                "sha256:500d4957e52ddc3351cabf489e79c91c17f6e0899158447047588650b5e69183",
                "sha256:535f6fc4d397c1563d08b88e485c3496cf5784e927af890fb3c3aac7f933ec66",
                "sha256:62fe6c95e3ec8a7fad637b7f3d372c15ec1caa01ab47926cfdf7a75b40e0eac1",
                "sha256:6dd73240d2af64df90aa7c4e7481e23825ea70af4b4922f8ede5b9e35f78a3b1",
                "sha256:717ba8fe3ae9cc0006d7c451f0bb265ee07739daf76355d06366154ee68d221e",
                "sha256:79855e1c5b8da654cf486b830bd42c06e8780cea587384cf6545b7d9ac013a0b",
                "sha256:7c1699dfe0cf8ff607dbdcc1e9b9af1755371f92a68f706051cc8c37d447c905",
                "sha256:88e5fcfb52ee7b911e8bb6d6aa2fd21fbecc674eadd44118a9cc3863f938e735",
                "sha256:8defac2f2ccd6805ebf65f5eeb132adcf2ab57aa11fdf4c0dd5169a004710e7d",
                "sha256:98c7086708b163d425c67c7a91bad6e466bb99d797aa64f965e9d25c12111a5e",
                "sha256:9add70b36c5666a2ed02b43b335fe19002ee5235efd4b8a89bfcf9005bebac0d",
                "sha256:9bf40443012702a1d2070043cb6291650a0841ece432556f784f004937f0f32c",
                "sha256:ade5e387d2ad0d7ebf59146cc00c8044acbd863725f887353a10df825fc8ae21",
                "sha256:b00c1de48212e4cc9603895652c5c410df699856a2853135b3967591e4beebc2",
                "sha256:b1282f8c00509d99fef04d8ba936b156d419be841854fe901d8ae224c59f0be5",
                "sha256:b2051432115498d3562c084a49bba65d97cf251f5a331c64a12ee7e04dacc51b",
                "sha256:ba59edeaa2fc6114428f1637ffff42da1e311e29382d81b339c1817d37ec93c6",
                "sha256:c8716a48d94b06bb3b2524c2b77e055fb313aeb4ea620c8dd03a105574ba704f",
                "sha256:cd5df75523866410809ca100dc9681e301e3c27567cf498077e8551b6d20e42f",
                "sha256:e249096428b3ae81b08327a63a485ad0878de3fb939049038579ac0ef61e17e7"
            ],
            "version": "==1.1.1"
        },
        "six": {
            "hashes": [
                "sha256:3350809f0555b11f552448330d0b52d5f24c91a322ea4a15ef22629740f3761c",
                "sha256:d16a0141ec1a18405cd4ce8b4613101da75da0e9a7aec5bdd4fa804d0e0eba73"
            ],
            "version": "==1.12.0"
        },
        "werkzeug": {
            "hashes": [
                "sha256:7280924747b5733b246fe23972186c6b348f9ae29724135a6dfc1e53cea433e7",
                "sha256:e5f4a1f98b52b18a93da705a7458e55afb26f32bff83ff5d19189f92462d65c4"
            ],
            "version": "==0.16.0"
        }
    },
    "develop": {}
}
